{
  "name": "tagai-contract-v2",
  "version": "1.0.0",
  "lockfileVersion": 3,
  "requires": true,
  "packages": {
    "": {
      "name": "tagai-contract-v2",
      "version": "1.0.0",
      "license": "ISC",
      "dependencies": {
        "@openzeppelin/contracts": "^4.9.6",
        "solady": "^0.1.26"
      }
    },
    "node_modules/@openzeppelin/contracts": {
      "version": "4.9.6",
      "resolved": "https://registry.npmjs.org/@openzeppelin/contracts/-/contracts-4.9.6.tgz",
      "integrity": "sha512-xSmezSupL+y9VkHZJGDoCBpmnB2ogM13ccaYDWqJTfS3dbuHkgjuwDFUmaFauBCboQMGB/S5UqUl2y54X99BmA==",
      "license": "MIT"
    },
    "node_modules/solady": {
      "version": "0.1.26",
      "resolved": "https://registry.npmjs.org/solady/-/solady-0.1.26.tgz",
      "integrity": "sha512-dhGr/ptJFdea/1KE6xgqgwEdbMhUiSfRc6A+jLeltPe16zyt9qtED3PElIBVRnzEmUO5aZTjKVAr6SlqXBBcIw==",
      "license": "MIT"
    }
  }
}
